{"format_version":"1.2","terraform_version":"1.5.3","planned_values":{"root_module":{"resources":[{"address":"azurerm_network_interface.homelabnic","mode":"managed","type":"azurerm_network_interface","name":"homelabnic","provider_name":"registry.terraform.io/hashicorp/azurerm","schema_version":0,"values":{"edge_zone":null,"enable_accelerated_networking":false,"enable_ip_forwarding":false,"ip_configuration":[{"name":"internal","private_ip_address_allocation":"Dynamic","private_ip_address_version":"IPv4"}],"location":"centralus","name":"example-nic","resource_group_name":"homelab-rg","tags":null,"timeouts":null},"sensitive_values":{"applied_dns_servers":[],"dns_servers":[],"ip_configuration":[{}],"private_ip_addresses":[]}},{"address":"azurerm_network_security_group.homelabnsg","mode":"managed","type":"azurerm_network_security_group","name":"homelabnsg","provider_name":"registry.terraform.io/hashicorp/azurerm","schema_version":0,"values":{"location":"centralus","name":"allow-access-from-home","resource_group_name":"homelab-rg","security_rule":[{"access":"Allow","description":"","destination_address_prefix":"*","destination_address_prefixes":[],"destination_application_security_group_ids":[],"destination_port_range":"3389","destination_port_ranges":[],"direction":"Inbound","name":"allowrdp","priority":100,"protocol":"Tcp","source_address_prefix":"*","source_address_prefixes":[],"source_application_security_group_ids":[],"source_port_range":"*","source_port_ranges":[]}],"tags":null,"timeouts":null},"sensitive_values":{"security_rule":[{"destination_address_prefixes":[],"destination_application_security_group_ids":[],"destination_port_ranges":[],"source_address_prefixes":[],"source_application_security_group_ids":[],"source_port_ranges":[]}]}},{"address":"azurerm_public_ip.homelabpip","mode":"managed","type":"azurerm_public_ip","name":"homelabpip","provider_name":"registry.terraform.io/hashicorp/azurerm","schema_version":0,"values":{"allocation_method":"Static","ddos_protection_mode":"VirtualNetworkInherited","ddos_protection_plan_id":null,"domain_name_label":null,"edge_zone":null,"idle_timeout_in_minutes":4,"ip_tags":null,"ip_version":"IPv4","location":"centralus","name":"homelabpip","public_ip_prefix_id":null,"resource_group_name":"homelab-rg","reverse_fqdn":null,"sku":"Basic","sku_tier":"Regional","tags":null,"timeouts":null,"zones":null},"sensitive_values":{}},{"address":"azurerm_resource_group.homelabrg","mode":"managed","type":"azurerm_resource_group","name":"homelabrg","provider_name":"registry.terraform.io/hashicorp/azurerm","schema_version":0,"values":{"location":"centralus","managed_by":null,"name":"homelab-rg","tags":null,"timeouts":null},"sensitive_values":{}},{"address":"azurerm_subnet.homelabsubnet","mode":"managed","type":"azurerm_subnet","name":"homelabsubnet","provider_name":"registry.terraform.io/hashicorp/azurerm","schema_version":0,"values":{"address_prefixes":["10.0.1.0/24"],"delegation":[],"name":"homelab-subnet","resource_group_name":"homelab-rg","service_endpoint_policy_ids":null,"service_endpoints":null,"timeouts":null,"virtual_network_name":"homelab-vnet"},"sensitive_values":{"address_prefixes":[false],"delegation":[]}},{"address":"azurerm_subnet_network_security_group_association.homelabnsgassocation","mode":"managed","type":"azurerm_subnet_network_security_group_association","name":"homelabnsgassocation","provider_name":"registry.terraform.io/hashicorp/azurerm","schema_version":0,"values":{"timeouts":null},"sensitive_values":{}},{"address":"azurerm_virtual_network.homelabvirtualnetwork","mode":"managed","type":"azurerm_virtual_network","name":"homelabvirtualnetwork","provider_name":"registry.terraform.io/hashicorp/azurerm","schema_version":0,"values":{"address_space":["10.0.0.0/16"],"bgp_community":null,"ddos_protection_plan":[],"edge_zone":null,"encryption":[],"flow_timeout_in_minutes":null,"location":"centralus","name":"homelab-vnet","resource_group_name":"homelab-rg","tags":{"environment":"Production"},"timeouts":null},"sensitive_values":{"address_space":[false],"ddos_protection_plan":[],"dns_servers":[],"encryption":[],"subnet":[],"tags":{}}},{"address":"azurerm_windows_virtual_machine.homelabvm","mode":"managed","type":"azurerm_windows_virtual_machine","name":"homelabvm","provider_name":"registry.terraform.io/hashicorp/azurerm","schema_version":0,"values":{"additional_capabilities":[],"additional_unattend_content":[],"admin_password":"Thebestccnaadmin@20","admin_username":"adminuser","allow_extension_operations":true,"availability_set_id":null,"boot_diagnostics":[],"bypass_platform_safety_checks_on_user_schedule_enabled":false,"capacity_reservation_group_id":null,"custom_data":null,"dedicated_host_group_id":null,"dedicated_host_id":null,"edge_zone":null,"enable_automatic_updates":true,"encryption_at_host_enabled":null,"eviction_policy":null,"extensions_time_budget":"PT1H30M","gallery_application":[],"hotpatching_enabled":false,"identity":[],"license_type":null,"location":"centralus","max_bid_price":-1,"name":"homelab-machine","os_disk":[{"caching":"ReadWrite","diff_disk_settings":[],"disk_encryption_set_id":null,"secure_vm_disk_encryption_set_id":null,"security_encryption_type":null,"storage_account_type":"Standard_LRS","write_accelerator_enabled":false}],"patch_assessment_mode":"ImageDefault","patch_mode":"AutomaticByOS","plan":[],"platform_fault_domain":-1,"priority":"Regular","provision_vm_agent":true,"proximity_placement_group_id":null,"reboot_setting":null,"resource_group_name":"homelab-rg","secret":[],"secure_boot_enabled":null,"size":"Standard_F2","source_image_id":null,"source_image_reference":[{"offer":"WindowsServer","publisher":"MicrosoftWindowsServer","sku":"2016-Datacenter","version":"latest"}],"tags":null,"timeouts":null,"timezone":null,"user_data":null,"virtual_machine_scale_set_id":null,"vtpm_enabled":null,"winrm_listener":[],"zone":null},"sensitive_values":{"additional_capabilities":[],"additional_unattend_content":[],"boot_diagnostics":[],"gallery_application":[],"identity":[],"network_interface_ids":[],"os_disk":[{"diff_disk_settings":[]}],"plan":[],"private_ip_addresses":[],"public_ip_addresses":[],"secret":[],"source_image_reference":[{}],"termination_notification":[],"winrm_listener":[]}}]}},"resource_changes":[{"address":"azurerm_network_interface.homelabnic","mode":"managed","type":"azurerm_network_interface","name":"homelabnic","provider_name":"registry.terraform.io/hashicorp/azurerm","change":{"actions":["create"],"before":null,"after":{"edge_zone":null,"enable_accelerated_networking":false,"enable_ip_forwarding":false,"ip_configuration":[{"name":"internal","private_ip_address_allocation":"Dynamic","private_ip_address_version":"IPv4"}],"location":"centralus","name":"example-nic","resource_group_name":"homelab-rg","tags":null,"timeouts":null},"after_unknown":{"applied_dns_servers":true,"dns_servers":true,"id":true,"internal_dns_name_label":true,"internal_domain_name_suffix":true,"ip_configuration":[{"gateway_load_balancer_frontend_ip_configuration_id":true,"primary":true,"private_ip_address":true,"public_ip_address_id":true,"subnet_id":true}],"mac_address":true,"private_ip_address":true,"private_ip_addresses":true,"virtual_machine_id":true},"before_sensitive":false,"after_sensitive":{"applied_dns_servers":[],"dns_servers":[],"ip_configuration":[{}],"private_ip_addresses":[]}}},{"address":"azurerm_network_security_group.homelabnsg","mode":"managed","type":"azurerm_network_security_group","name":"homelabnsg","provider_name":"registry.terraform.io/hashicorp/azurerm","change":{"actions":["create"],"before":null,"after":{"location":"centralus","name":"allow-access-from-home","resource_group_name":"homelab-rg","security_rule":[{"access":"Allow","description":"","destination_address_prefix":"*","destination_address_prefixes":[],"destination_application_security_group_ids":[],"destination_port_range":"3389","destination_port_ranges":[],"direction":"Inbound","name":"allowrdp","priority":100,"protocol":"Tcp","source_address_prefix":"*","source_address_prefixes":[],"source_application_security_group_ids":[],"source_port_range":"*","source_port_ranges":[]}],"tags":null,"timeouts":null},"after_unknown":{"id":true,"security_rule":[{"destination_address_prefixes":[],"destination_application_security_group_ids":[],"destination_port_ranges":[],"source_address_prefixes":[],"source_application_security_group_ids":[],"source_port_ranges":[]}]},"before_sensitive":false,"after_sensitive":{"security_rule":[{"destination_address_prefixes":[],"destination_application_security_group_ids":[],"destination_port_ranges":[],"source_address_prefixes":[],"source_application_security_group_ids":[],"source_port_ranges":[]}]}}},{"address":"azurerm_public_ip.homelabpip","mode":"managed","type":"azurerm_public_ip","name":"homelabpip","provider_name":"registry.terraform.io/hashicorp/azurerm","change":{"actions":["create"],"before":null,"after":{"allocation_method":"Static","ddos_protection_mode":"VirtualNetworkInherited","ddos_protection_plan_id":null,"domain_name_label":null,"edge_zone":null,"idle_timeout_in_minutes":4,"ip_tags":null,"ip_version":"IPv4","location":"centralus","name":"homelabpip","public_ip_prefix_id":null,"resource_group_name":"homelab-rg","reverse_fqdn":null,"sku":"Basic","sku_tier":"Regional","tags":null,"timeouts":null,"zones":null},"after_unknown":{"fqdn":true,"id":true,"ip_address":true},"before_sensitive":false,"after_sensitive":{}}},{"address":"azurerm_resource_group.homelabrg","mode":"managed","type":"azurerm_resource_group","name":"homelabrg","provider_name":"registry.terraform.io/hashicorp/azurerm","change":{"actions":["create"],"before":null,"after":{"location":"centralus","managed_by":null,"name":"homelab-rg","tags":null,"timeouts":null},"after_unknown":{"id":true},"before_sensitive":false,"after_sensitive":{}}},{"address":"azurerm_subnet.homelabsubnet","mode":"managed","type":"azurerm_subnet","name":"homelabsubnet","provider_name":"registry.terraform.io/hashicorp/azurerm","change":{"actions":["create"],"before":null,"after":{"address_prefixes":["10.0.1.0/24"],"delegation":[],"name":"homelab-subnet","resource_group_name":"homelab-rg","service_endpoint_policy_ids":null,"service_endpoints":null,"timeouts":null,"virtual_network_name":"homelab-vnet"},"after_unknown":{"address_prefixes":[false],"delegation":[],"enforce_private_link_endpoint_network_policies":true,"enforce_private_link_service_network_policies":true,"id":true,"private_endpoint_network_policies_enabled":true,"private_link_service_network_policies_enabled":true},"before_sensitive":false,"after_sensitive":{"address_prefixes":[false],"delegation":[]}}},{"address":"azurerm_subnet_network_security_group_association.homelabnsgassocation","mode":"managed","type":"azurerm_subnet_network_security_group_association","name":"homelabnsgassocation","provider_name":"registry.terraform.io/hashicorp/azurerm","change":{"actions":["create"],"before":null,"after":{"timeouts":null},"after_unknown":{"id":true,"network_security_group_id":true,"subnet_id":true},"before_sensitive":false,"after_sensitive":{}}},{"address":"azurerm_virtual_network.homelabvirtualnetwork","mode":"managed","type":"azurerm_virtual_network","name":"homelabvirtualnetwork","provider_name":"registry.terraform.io/hashicorp/azurerm","change":{"actions":["create"],"before":null,"after":{"address_space":["10.0.0.0/16"],"bgp_community":null,"ddos_protection_plan":[],"edge_zone":null,"encryption":[],"flow_timeout_in_minutes":null,"location":"centralus","name":"homelab-vnet","resource_group_name":"homelab-rg","tags":{"environment":"Production"},"timeouts":null},"after_unknown":{"address_space":[false],"ddos_protection_plan":[],"dns_servers":true,"encryption":[],"guid":true,"id":true,"subnet":true,"tags":{}},"before_sensitive":false,"after_sensitive":{"address_space":[false],"ddos_protection_plan":[],"dns_servers":[],"encryption":[],"subnet":[],"tags":{}}}},{"address":"azurerm_windows_virtual_machine.homelabvm","mode":"managed","type":"azurerm_windows_virtual_machine","name":"homelabvm","provider_name":"registry.terraform.io/hashicorp/azurerm","change":{"actions":["create"],"before":null,"after":{"additional_capabilities":[],"additional_unattend_content":[],"admin_password":"Thebestccnaadmin@20","admin_username":"adminuser","allow_extension_operations":true,"availability_set_id":null,"boot_diagnostics":[],"bypass_platform_safety_checks_on_user_schedule_enabled":false,"capacity_reservation_group_id":null,"custom_data":null,"dedicated_host_group_id":null,"dedicated_host_id":null,"edge_zone":null,"enable_automatic_updates":true,"encryption_at_host_enabled":null,"eviction_policy":null,"extensions_time_budget":"PT1H30M","gallery_application":[],"hotpatching_enabled":false,"identity":[],"license_type":null,"location":"centralus","max_bid_price":-1,"name":"homelab-machine","os_disk":[{"caching":"ReadWrite","diff_disk_settings":[],"disk_encryption_set_id":null,"secure_vm_disk_encryption_set_id":null,"security_encryption_type":null,"storage_account_type":"Standard_LRS","write_accelerator_enabled":false}],"patch_assessment_mode":"ImageDefault","patch_mode":"AutomaticByOS","plan":[],"platform_fault_domain":-1,"priority":"Regular","provision_vm_agent":true,"proximity_placement_group_id":null,"reboot_setting":null,"resource_group_name":"homelab-rg","secret":[],"secure_boot_enabled":null,"size":"Standard_F2","source_image_id":null,"source_image_reference":[{"offer":"WindowsServer","publisher":"MicrosoftWindowsServer","sku":"2016-Datacenter","version":"latest"}],"tags":null,"timeouts":null,"timezone":null,"user_data":null,"virtual_machine_scale_set_id":null,"vtpm_enabled":null,"winrm_listener":[],"zone":null},"after_unknown":{"additional_capabilities":[],"additional_unattend_content":[],"boot_diagnostics":[],"computer_name":true,"gallery_application":[],"id":true,"identity":[],"network_interface_ids":true,"os_disk":[{"diff_disk_settings":[],"disk_size_gb":true,"name":true}],"plan":[],"private_ip_address":true,"private_ip_addresses":true,"public_ip_address":true,"public_ip_addresses":true,"secret":[],"source_image_reference":[{}],"termination_notification":true,"virtual_machine_id":true,"winrm_listener":[]},"before_sensitive":false,"after_sensitive":{"additional_capabilities":[],"additional_unattend_content":[],"admin_password":true,"boot_diagnostics":[],"custom_data":true,"gallery_application":[],"identity":[],"network_interface_ids":[],"os_disk":[{"diff_disk_settings":[]}],"plan":[],"private_ip_addresses":[],"public_ip_addresses":[],"secret":[],"source_image_reference":[{}],"termination_notification":[],"winrm_listener":[]}}}],"configuration":{"provider_config":{"azurerm":{"name":"azurerm","full_name":"registry.terraform.io/hashicorp/azurerm","version_constraint":"3.68.0","expressions":{"features":[{}]}}},"root_module":{"resources":[{"address":"azurerm_network_interface.homelabnic","mode":"managed","type":"azurerm_network_interface","name":"homelabnic","provider_config_key":"azurerm","expressions":{"ip_configuration":[{"name":{"constant_value":"internal"},"private_ip_address_allocation":{"constant_value":"Dynamic"},"public_ip_address_id":{"references":["azurerm_public_ip.homelabpip.id","azurerm_public_ip.homelabpip"]},"subnet_id":{"references":["azurerm_subnet.homelabsubnet.id","azurerm_subnet.homelabsubnet"]}}],"location":{"references":["azurerm_resource_group.homelabrg.location","azurerm_resource_group.homelabrg"]},"name":{"constant_value":"example-nic"},"resource_group_name":{"references":["azurerm_resource_group.homelabrg.name","azurerm_resource_group.homelabrg"]}},"schema_version":0},{"address":"azurerm_network_security_group.homelabnsg","mode":"managed","type":"azurerm_network_security_group","name":"homelabnsg","provider_config_key":"azurerm","expressions":{"location":{"references":["azurerm_resource_group.homelabrg.location","azurerm_resource_group.homelabrg"]},"name":{"constant_value":"allow-access-from-home"},"resource_group_name":{"references":["azurerm_resource_group.homelabrg.name","azurerm_resource_group.homelabrg"]},"security_rule":{"constant_value":[{"access":"Allow","description":null,"destination_address_prefix":"*","destination_address_prefixes":null,"destination_application_security_group_ids":null,"destination_port_range":"3389","destination_port_ranges":null,"direction":"Inbound","name":"allowrdp","priority":100,"protocol":"Tcp","source_address_prefix":"*","source_address_prefixes":null,"source_application_security_group_ids":null,"source_port_range":"*","source_port_ranges":null}]}},"schema_version":0},{"address":"azurerm_public_ip.homelabpip","mode":"managed","type":"azurerm_public_ip","name":"homelabpip","provider_config_key":"azurerm","expressions":{"allocation_method":{"constant_value":"Static"},"location":{"references":["azurerm_resource_group.homelabrg.location","azurerm_resource_group.homelabrg"]},"name":{"constant_value":"homelabpip"},"resource_group_name":{"references":["azurerm_resource_group.homelabrg.name","azurerm_resource_group.homelabrg"]}},"schema_version":0},{"address":"azurerm_resource_group.homelabrg","mode":"managed","type":"azurerm_resource_group","name":"homelabrg","provider_config_key":"azurerm","expressions":{"location":{"constant_value":"centralus"},"name":{"constant_value":"homelab-rg"}},"schema_version":0},{"address":"azurerm_subnet.homelabsubnet","mode":"managed","type":"azurerm_subnet","name":"homelabsubnet","provider_config_key":"azurerm","expressions":{"address_prefixes":{"constant_value":["10.0.1.0/24"]},"name":{"constant_value":"homelab-subnet"},"resource_group_name":{"references":["azurerm_resource_group.homelabrg.name","azurerm_resource_group.homelabrg"]},"virtual_network_name":{"references":["azurerm_virtual_network.homelabvirtualnetwork.name","azurerm_virtual_network.homelabvirtualnetwork"]}},"schema_version":0},{"address":"azurerm_subnet_network_security_group_association.homelabnsgassocation","mode":"managed","type":"azurerm_subnet_network_security_group_association","name":"homelabnsgassocation","provider_config_key":"azurerm","expressions":{"network_security_group_id":{"references":["azurerm_network_security_group.homelabnsg.id","azurerm_network_security_group.homelabnsg"]},"subnet_id":{"references":["azurerm_subnet.homelabsubnet.id","azurerm_subnet.homelabsubnet"]}},"schema_version":0},{"address":"azurerm_virtual_network.homelabvirtualnetwork","mode":"managed","type":"azurerm_virtual_network","name":"homelabvirtualnetwork","provider_config_key":"azurerm","expressions":{"address_space":{"constant_value":["10.0.0.0/16"]},"location":{"references":["azurerm_resource_group.homelabrg.location","azurerm_resource_group.homelabrg"]},"name":{"constant_value":"homelab-vnet"},"resource_group_name":{"references":["azurerm_resource_group.homelabrg.name","azurerm_resource_group.homelabrg"]},"tags":{"constant_value":{"environment":"Production"}}},"schema_version":0},{"address":"azurerm_windows_virtual_machine.homelabvm","mode":"managed","type":"azurerm_windows_virtual_machine","name":"homelabvm","provider_config_key":"azurerm","expressions":{"admin_password":{"constant_value":"Thebestccnaadmin@20"},"admin_username":{"constant_value":"adminuser"},"location":{"references":["azurerm_resource_group.homelabrg.location","azurerm_resource_group.homelabrg"]},"name":{"constant_value":"homelab-machine"},"network_interface_ids":{"references":["azurerm_network_interface.homelabnic.id","azurerm_network_interface.homelabnic"]},"os_disk":[{"caching":{"constant_value":"ReadWrite"},"storage_account_type":{"constant_value":"Standard_LRS"}}],"resource_group_name":{"references":["azurerm_resource_group.homelabrg.name","azurerm_resource_group.homelabrg"]},"size":{"constant_value":"Standard_F2"},"source_image_reference":[{"offer":{"constant_value":"WindowsServer"},"publisher":{"constant_value":"MicrosoftWindowsServer"},"sku":{"constant_value":"2016-Datacenter"},"version":{"constant_value":"latest"}}]},"schema_version":0}]}},"relevant_attributes":[{"resource":"azurerm_public_ip.homelabpip","attribute":["id"]},{"resource":"azurerm_network_interface.homelabnic","attribute":["id"]},{"resource":"azurerm_resource_group.homelabrg","attribute":["name"]},{"resource":"azurerm_resource_group.homelabrg","attribute":["location"]},{"resource":"azurerm_virtual_network.homelabvirtualnetwork","attribute":["name"]},{"resource":"azurerm_network_security_group.homelabnsg","attribute":["id"]},{"resource":"azurerm_subnet.homelabsubnet","attribute":["id"]}],"timestamp":"2023-09-24T20:02:46Z"}
